
Microsoft Visual Studio Solution File, Format Version 12.00
# Visual Studio Version 17
VisualStudioVersion = 17.9.34622.214
MinimumVisualStudioVersion = 10.0.40219.1
Project("{9A19103F-16F7-4668-BE54-9A1E7A4F7556}") = "Entity", "Entity\Entity.csproj", "{2B7AA335-30E8-4EC9-8280-AB2F55799E66}"
EndProject
Project("{9A19103F-16F7-4668-BE54-9A1E7A4F7556}") = "DataAccess", "DataAccess\DataAccess.csproj", "{E5651F51-7B38-49DB-BFDE-E0B73801D1D1}"
EndProject
Project("{9A19103F-16F7-4668-BE54-9A1E7A4F7556}") = "Business", "Business\Business.csproj", "{9A57E952-1B09-4F87-9672-019CC4CA1C92}"
EndProject
Project("{9A19103F-16F7-4668-BE54-9A1E7A4F7556}") = "ConsoleUI", "ConsoleApp1\ConsoleUI.csproj", "{F2AD9196-119E-49DE-9546-93572A854B91}"
EndProject
Project("{9A19103F-16F7-4668-BE54-9A1E7A4F7556}") = "Core", "Core\Core.csproj", "{F623C956-AB97-4429-8DB9-FD10F997D892}"
EndProject
Project("{FAE04EC0-301F-11D3-BF4B-00C04F79EFBC}") = "WebAPI", "WebAPI\WebAPI.csproj", "{AF52C22F-7E60-42D2-A3EC-B19C3279E5B3}"
EndProject
Global
	GlobalSection(SolutionConfigurationPlatforms) = preSolution
		Debug|Any CPU = Debug|Any CPU
		Release|Any CPU = Release|Any CPU
	EndGlobalSection
	GlobalSection(ProjectConfigurationPlatforms) = postSolution
		{2B7AA335-30E8-4EC9-8280-AB2F55799E66}.Debug|Any CPU.ActiveCfg = Debug|Any CPU
		{2B7AA335-30E8-4EC9-8280-AB2F55799E66}.Debug|Any CPU.Build.0 = Debug|Any CPU
		{2B7AA335-30E8-4EC9-8280-AB2F55799E66}.Release|Any CPU.ActiveCfg = Release|Any CPU
		{2B7AA335-30E8-4EC9-8280-AB2F55799E66}.Release|Any CPU.Build.0 = Release|Any CPU
		{E5651F51-7B38-49DB-BFDE-E0B73801D1D1}.Debug|Any CPU.ActiveCfg = Debug|Any CPU
		{E5651F51-7B38-49DB-BFDE-E0B73801D1D1}.Debug|Any CPU.Build.0 = Debug|Any CPU
		{E5651F51-7B38-49DB-BFDE-E0B73801D1D1}.Release|Any CPU.ActiveCfg = Release|Any CPU
		{E5651F51-7B38-49DB-BFDE-E0B73801D1D1}.Release|Any CPU.Build.0 = Release|Any CPU
		{9A57E952-1B09-4F87-9672-019CC4CA1C92}.Debug|Any CPU.ActiveCfg = Debug|Any CPU
		{9A57E952-1B09-4F87-9672-019CC4CA1C92}.Debug|Any CPU.Build.0 = Debug|Any CPU
		{9A57E952-1B09-4F87-9672-019CC4CA1C92}.Release|Any CPU.ActiveCfg = Release|Any CPU
		{9A57E952-1B09-4F87-9672-019CC4CA1C92}.Release|Any CPU.Build.0 = Release|Any CPU
		{F2AD9196-119E-49DE-9546-93572A854B91}.Debug|Any CPU.ActiveCfg = Debug|Any CPU
		{F2AD9196-119E-49DE-9546-93572A854B91}.Debug|Any CPU.Build.0 = Debug|Any CPU
		{F2AD9196-119E-49DE-9546-93572A854B91}.Release|Any CPU.ActiveCfg = Release|Any CPU
		{F2AD9196-119E-49DE-9546-93572A854B91}.Release|Any CPU.Build.0 = Release|Any CPU
		{F623C956-AB97-4429-8DB9-FD10F997D892}.Debug|Any CPU.ActiveCfg = Debug|Any CPU
		{F623C956-AB97-4429-8DB9-FD10F997D892}.Debug|Any CPU.Build.0 = Debug|Any CPU
		{F623C956-AB97-4429-8DB9-FD10F997D892}.Release|Any CPU.ActiveCfg = Release|Any CPU
		{F623C956-AB97-4429-8DB9-FD10F997D892}.Release|Any CPU.Build.0 = Release|Any CPU
		{AF52C22F-7E60-42D2-A3EC-B19C3279E5B3}.Debug|Any CPU.ActiveCfg = Debug|Any CPU
		{AF52C22F-7E60-42D2-A3EC-B19C3279E5B3}.Debug|Any CPU.Build.0 = Debug|Any CPU
		{AF52C22F-7E60-42D2-A3EC-B19C3279E5B3}.Release|Any CPU.ActiveCfg = Release|Any CPU
		{AF52C22F-7E60-42D2-A3EC-B19C3279E5B3}.Release|Any CPU.Build.0 = Release|Any CPU
	EndGlobalSection
	GlobalSection(SolutionProperties) = preSolution
		HideSolutionNode = FALSE
	EndGlobalSection
	GlobalSection(ExtensibilityGlobals) = postSolution
		SolutionGuid = {ABAE6D9F-5303-4E3B-8F6C-F9EE4D667324}
	EndGlobalSection
EndGlobal
